
Microsoft Visual Studio Solution File, Format Version 12.00
# Visual Studio Version 17
VisualStudioVersion = 17.14.36408.4 d17.14
MinimumVisualStudioVersion = 10.0.40219.1
Project("{FAE04EC0-301F-11D3-BF4B-00C04F79EFBC}") = "IPNotification", "IPNotification\IPNotification.csproj", "{43832472-0111-4753-99C8-4AD8E315A957}"
EndProject
Global
	GlobalSection(SolutionConfigurationPlatforms) = preSolution
		Debug|Any CPU = Debug|Any CPU
		Release|Any CPU = Release|Any CPU
	EndGlobalSection
	GlobalSection(ProjectConfigurationPlatforms) = postSolution
		{43832472-0111-4753-99C8-4AD8E315A957}.Debug|Any CPU.ActiveCfg = Debug|Any CPU
		{43832472-0111-4753-99C8-4AD8E315A957}.Debug|Any CPU.Build.0 = Debug|Any CPU
		{43832472-0111-4753-99C8-4AD8E315A957}.Release|Any CPU.ActiveCfg = Release|Any CPU
		{43832472-0111-4753-99C8-4AD8E315A957}.Release|Any CPU.Build.0 = Release|Any CPU
	EndGlobalSection
	GlobalSection(SolutionProperties) = preSolution
		HideSolutionNode = FALSE
	EndGlobalSection
	GlobalSection(ExtensibilityGlobals) = postSolution
		SolutionGuid = {1C2C72D3-F781-4F4B-AC59-10FC70E1BA77}
	EndGlobalSection
EndGlobal
